<?xml version="1.0" encoding="utf-8"?>
<Project ToolsVersion="17.0" xmlns="http://schemas.microsoft.com/developer/msbuild/2003">
  <ItemGroup>
    <ClCompile Include="D:\git\xz\lib\getopt1.c">
      <Filter>Source Files</Filter>
    </ClCompile>
    <ClCompile Include="D:\git\xz\lib\getopt.c">
      <Filter>Source Files</Filter>
    </ClCompile>
  </ItemGroup>
  <ItemGroup>
    <ClInclude Include="D:\git\xz\src\common\sysdefs.h">
      <Filter>Header Files</Filter>
    </ClInclude>
    <ClInclude Include="D:\git\xz\lib\getopt_int.h">
      <Filter>Header Files</Filter>
    </ClInclude>
    <ClInclude Include="D:\git\xz\lib\getopt-cdefs.h">
      <Filter>Header Files</Filter>
    </ClInclude>
    <ClInclude Include="D:\git\xz\lib\getopt-core.h">
      <Filter>Header Files</Filter>
    </ClInclude>
    <ClInclude Include="D:\git\xz\lib\getopt-ext.h">
      <Filter>Header Files</Filter>
    </ClInclude>
    <ClInclude Include="D:\git\xz\lib\getopt-pfx-core.h">
      <Filter>Header Files</Filter>
    </ClInclude>
    <ClInclude Include="D:\git\xz\lib\getopt-pfx-ext.h">
      <Filter>Header Files</Filter>
    </ClInclude>
    <ClInclude Include="D:\git\xz\lib\getopt.h">
      <Filter>Header Files</Filter>
    </ClInclude>
  </ItemGroup>
  <ItemGroup>
    <CustomBuild Include="D:\git\xz\CMakeLists.txt" />
  </ItemGroup>
  <ItemGroup>
    <Filter Include="Header Files">
      <UniqueIdentifier>{41E2C068-1CCE-30CA-978A-9E9C675748B4}</UniqueIdentifier>
    </Filter>
    <Filter Include="Source Files">
      <UniqueIdentifier>{1070B390-064D-3645-A51B-D609BF2D6F41}</UniqueIdentifier>
    </Filter>
  </ItemGroup>
</Project>
