
Microsoft Visual Studio Solution File, Format Version 12.00
# Visual Studio Version 17
Project("{2150E333-8FDC-42A3-9474-1A3956D46DE8}") = "CMakePredefinedTargets", "CMakePredefinedTargets", "{354B8323-E7C5-3B39-BC55-1B82152EAC2F}"
EndProject
Project("{2150E333-8FDC-42A3-9474-1A3956D46DE8}") = "CTestDashboardTargets", "CTestDashboardTargets", "{FA717E63-1233-3A1B-889F-19E2E591FA1E}"
EndProject
Project("{8BC9CEB8-8B4A-11D0-8D11-00A0C91BC942}") = "ALL_BUILD", "ALL_BUILD.vcxproj", "{634D7470-E898-36C4-9B2D-0F361E5C9986}"
	ProjectSection(ProjectDependencies) = postProject
		{51EF36F8-81D5-3BAE-8ADC-5EE589518A7F} = {51EF36F8-81D5-3BAE-8ADC-5EE589518A7F}
		{1768CF9D-D9FF-3BC0-9A60-65FB6FA3810C} = {1768CF9D-D9FF-3BC0-9A60-65FB6FA3810C}
		{57D9CE62-E706-3A2D-8D28-A2B473BA5BC9} = {57D9CE62-E706-3A2D-8D28-A2B473BA5BC9}
		{E7AB0197-9681-33E6-932E-951C4EBF1AB2} = {E7AB0197-9681-33E6-932E-951C4EBF1AB2}
		{A37E52D1-24AD-3077-9B7E-5BA18FC5BD20} = {A37E52D1-24AD-3077-9B7E-5BA18FC5BD20}
		{0683DEED-DAC4-3667-B653-51A96EEDDABA} = {0683DEED-DAC4-3667-B653-51A96EEDDABA}
		{DA8A080B-69E9-3732-8358-3D19C3CBD6C7} = {DA8A080B-69E9-3732-8358-3D19C3CBD6C7}
		{01D4EE29-D470-37F4-AAAE-0D5F43BECC89} = {01D4EE29-D470-37F4-AAAE-0D5F43BECC89}
		{D4878284-1CBC-31B9-9CB7-4CA9FF4F51EF} = {D4878284-1CBC-31B9-9CB7-4CA9FF4F51EF}
		{74B9C116-E05E-3A03-AD6B-7C64000B4A7F} = {74B9C116-E05E-3A03-AD6B-7C64000B4A7F}
		{5149D73D-75BE-3166-B3F4-6916D6B68060} = {5149D73D-75BE-3166-B3F4-6916D6B68060}
		{32A7E031-BEFE-3649-9768-916AFA54DEC4} = {32A7E031-BEFE-3649-9768-916AFA54DEC4}
		{C2E373EF-79B2-30D4-A184-4EAD6A5E0FFC} = {C2E373EF-79B2-30D4-A184-4EAD6A5E0FFC}
		{AB3BB642-8D3A-3479-9B37-62B0E37154BB} = {AB3BB642-8D3A-3479-9B37-62B0E37154BB}
		{CB69DC9C-E151-3B36-A2EE-0CB88B6B6760} = {CB69DC9C-E151-3B36-A2EE-0CB88B6B6760}
		{381B97F0-1EF7-39FB-A8C8-26920229F7EE} = {381B97F0-1EF7-39FB-A8C8-26920229F7EE}
		{09CECA71-4AA3-3D0B-84DE-EEBEC6860421} = {09CECA71-4AA3-3D0B-84DE-EEBEC6860421}
		{CB074DC8-DF54-3E26-81FD-6E29BA5E0E60} = {CB074DC8-DF54-3E26-81FD-6E29BA5E0E60}
		{C26C304D-A838-3DBA-8FE5-89B1986FCA8E} = {C26C304D-A838-3DBA-8FE5-89B1986FCA8E}
		{7858CEDA-2038-365F-BF06-3306FA807998} = {7858CEDA-2038-365F-BF06-3306FA807998}
		{D5EB257C-A734-35F5-95C1-75319EB0774A} = {D5EB257C-A734-35F5-95C1-75319EB0774A}
	EndProjectSection
EndProject
Project("{8BC9CEB8-8B4A-11D0-8D11-00A0C91BC942}") = "Continuous", "Continuous.vcxproj", "{87273F0C-24D0-37E3-82E5-565CB43860DD}"
	ProjectSection(ProjectDependencies) = postProject
		{51EF36F8-81D5-3BAE-8ADC-5EE589518A7F} = {51EF36F8-81D5-3BAE-8ADC-5EE589518A7F}
	EndProjectSection
EndProject
Project("{8BC9CEB8-8B4A-11D0-8D11-00A0C91BC942}") = "Experimental", "Experimental.vcxproj", "{4F4DF52C-E6AA-304D-86F9-18C42F8938A8}"
	ProjectSection(ProjectDependencies) = postProject
		{51EF36F8-81D5-3BAE-8ADC-5EE589518A7F} = {51EF36F8-81D5-3BAE-8ADC-5EE589518A7F}
	EndProjectSection
EndProject
Project("{8BC9CEB8-8B4A-11D0-8D11-00A0C91BC942}") = "INSTALL", "INSTALL.vcxproj", "{EA7AA4E9-AEDB-38CC-B234-75201C62E27F}"
	ProjectSection(ProjectDependencies) = postProject
		{634D7470-E898-36C4-9B2D-0F361E5C9986} = {634D7470-E898-36C4-9B2D-0F361E5C9986}
		{51EF36F8-81D5-3BAE-8ADC-5EE589518A7F} = {51EF36F8-81D5-3BAE-8ADC-5EE589518A7F}
	EndProjectSection
EndProject
Project("{8BC9CEB8-8B4A-11D0-8D11-00A0C91BC942}") = "Nightly", "Nightly.vcxproj", "{31962746-8B06-36F0-9B34-6A24F4934038}"
	ProjectSection(ProjectDependencies) = postProject
		{51EF36F8-81D5-3BAE-8ADC-5EE589518A7F} = {51EF36F8-81D5-3BAE-8ADC-5EE589518A7F}
	EndProjectSection
EndProject
Project("{8BC9CEB8-8B4A-11D0-8D11-00A0C91BC942}") = "NightlyMemoryCheck", "NightlyMemoryCheck.vcxproj", "{EBE8C798-2AF2-30CE-BDAD-BDBAF459E590}"
	ProjectSection(ProjectDependencies) = postProject
		{51EF36F8-81D5-3BAE-8ADC-5EE589518A7F} = {51EF36F8-81D5-3BAE-8ADC-5EE589518A7F}
	EndProjectSection
EndProject
Project("{8BC9CEB8-8B4A-11D0-8D11-00A0C91BC942}") = "RUN_TESTS", "RUN_TESTS.vcxproj", "{FB716AF1-0945-3A2D-880F-3430EF844B13}"
	ProjectSection(ProjectDependencies) = postProject
		{51EF36F8-81D5-3BAE-8ADC-5EE589518A7F} = {51EF36F8-81D5-3BAE-8ADC-5EE589518A7F}
	EndProjectSection
EndProject
Project("{8BC9CEB8-8B4A-11D0-8D11-00A0C91BC942}") = "ZERO_CHECK", "ZERO_CHECK.vcxproj", "{51EF36F8-81D5-3BAE-8ADC-5EE589518A7F}"
	ProjectSection(ProjectDependencies) = postProject
	EndProjectSection
EndProject
Project("{8BC9CEB8-8B4A-11D0-8D11-00A0C91BC942}") = "libgnu", "libgnu.vcxproj", "{1768CF9D-D9FF-3BC0-9A60-65FB6FA3810C}"
	ProjectSection(ProjectDependencies) = postProject
		{51EF36F8-81D5-3BAE-8ADC-5EE589518A7F} = {51EF36F8-81D5-3BAE-8ADC-5EE589518A7F}
	EndProjectSection
EndProject
Project("{8BC9CEB8-8B4A-11D0-8D11-00A0C91BC942}") = "liblzma", "liblzma.vcxproj", "{57D9CE62-E706-3A2D-8D28-A2B473BA5BC9}"
	ProjectSection(ProjectDependencies) = postProject
		{51EF36F8-81D5-3BAE-8ADC-5EE589518A7F} = {51EF36F8-81D5-3BAE-8ADC-5EE589518A7F}
	EndProjectSection
EndProject
Project("{8BC9CEB8-8B4A-11D0-8D11-00A0C91BC942}") = "lzmadec", "lzmadec.vcxproj", "{E7AB0197-9681-33E6-932E-951C4EBF1AB2}"
	ProjectSection(ProjectDependencies) = postProject
		{51EF36F8-81D5-3BAE-8ADC-5EE589518A7F} = {51EF36F8-81D5-3BAE-8ADC-5EE589518A7F}
		{1768CF9D-D9FF-3BC0-9A60-65FB6FA3810C} = {1768CF9D-D9FF-3BC0-9A60-65FB6FA3810C}
		{57D9CE62-E706-3A2D-8D28-A2B473BA5BC9} = {57D9CE62-E706-3A2D-8D28-A2B473BA5BC9}
	EndProjectSection
EndProject
Project("{8BC9CEB8-8B4A-11D0-8D11-00A0C91BC942}") = "lzmainfo", "lzmainfo.vcxproj", "{A37E52D1-24AD-3077-9B7E-5BA18FC5BD20}"
	ProjectSection(ProjectDependencies) = postProject
		{51EF36F8-81D5-3BAE-8ADC-5EE589518A7F} = {51EF36F8-81D5-3BAE-8ADC-5EE589518A7F}
		{1768CF9D-D9FF-3BC0-9A60-65FB6FA3810C} = {1768CF9D-D9FF-3BC0-9A60-65FB6FA3810C}
		{57D9CE62-E706-3A2D-8D28-A2B473BA5BC9} = {57D9CE62-E706-3A2D-8D28-A2B473BA5BC9}
	EndProjectSection
EndProject
Project("{8BC9CEB8-8B4A-11D0-8D11-00A0C91BC942}") = "test_bcj_exact_size", "test_bcj_exact_size.vcxproj", "{0683DEED-DAC4-3667-B653-51A96EEDDABA}"
	ProjectSection(ProjectDependencies) = postProject
		{51EF36F8-81D5-3BAE-8ADC-5EE589518A7F} = {51EF36F8-81D5-3BAE-8ADC-5EE589518A7F}
		{57D9CE62-E706-3A2D-8D28-A2B473BA5BC9} = {57D9CE62-E706-3A2D-8D28-A2B473BA5BC9}
		{C26C304D-A838-3DBA-8FE5-89B1986FCA8E} = {C26C304D-A838-3DBA-8FE5-89B1986FCA8E}
	EndProjectSection
EndProject
Project("{8BC9CEB8-8B4A-11D0-8D11-00A0C91BC942}") = "test_block_header", "test_block_header.vcxproj", "{DA8A080B-69E9-3732-8358-3D19C3CBD6C7}"
	ProjectSection(ProjectDependencies) = postProject
		{51EF36F8-81D5-3BAE-8ADC-5EE589518A7F} = {51EF36F8-81D5-3BAE-8ADC-5EE589518A7F}
		{57D9CE62-E706-3A2D-8D28-A2B473BA5BC9} = {57D9CE62-E706-3A2D-8D28-A2B473BA5BC9}
		{C26C304D-A838-3DBA-8FE5-89B1986FCA8E} = {C26C304D-A838-3DBA-8FE5-89B1986FCA8E}
	EndProjectSection
EndProject
Project("{8BC9CEB8-8B4A-11D0-8D11-00A0C91BC942}") = "test_check", "test_check.vcxproj", "{01D4EE29-D470-37F4-AAAE-0D5F43BECC89}"
	ProjectSection(ProjectDependencies) = postProject
		{51EF36F8-81D5-3BAE-8ADC-5EE589518A7F} = {51EF36F8-81D5-3BAE-8ADC-5EE589518A7F}
		{57D9CE62-E706-3A2D-8D28-A2B473BA5BC9} = {57D9CE62-E706-3A2D-8D28-A2B473BA5BC9}
		{C26C304D-A838-3DBA-8FE5-89B1986FCA8E} = {C26C304D-A838-3DBA-8FE5-89B1986FCA8E}
	EndProjectSection
EndProject
Project("{8BC9CEB8-8B4A-11D0-8D11-00A0C91BC942}") = "test_filter_flags", "test_filter_flags.vcxproj", "{D4878284-1CBC-31B9-9CB7-4CA9FF4F51EF}"
	ProjectSection(ProjectDependencies) = postProject
		{51EF36F8-81D5-3BAE-8ADC-5EE589518A7F} = {51EF36F8-81D5-3BAE-8ADC-5EE589518A7F}
		{57D9CE62-E706-3A2D-8D28-A2B473BA5BC9} = {57D9CE62-E706-3A2D-8D28-A2B473BA5BC9}
		{C26C304D-A838-3DBA-8FE5-89B1986FCA8E} = {C26C304D-A838-3DBA-8FE5-89B1986FCA8E}
	EndProjectSection
EndProject
Project("{8BC9CEB8-8B4A-11D0-8D11-00A0C91BC942}") = "test_filter_str", "test_filter_str.vcxproj", "{74B9C116-E05E-3A03-AD6B-7C64000B4A7F}"
	ProjectSection(ProjectDependencies) = postProject
		{51EF36F8-81D5-3BAE-8ADC-5EE589518A7F} = {51EF36F8-81D5-3BAE-8ADC-5EE589518A7F}
		{57D9CE62-E706-3A2D-8D28-A2B473BA5BC9} = {57D9CE62-E706-3A2D-8D28-A2B473BA5BC9}
		{C26C304D-A838-3DBA-8FE5-89B1986FCA8E} = {C26C304D-A838-3DBA-8FE5-89B1986FCA8E}
	EndProjectSection
EndProject
Project("{8BC9CEB8-8B4A-11D0-8D11-00A0C91BC942}") = "test_hardware", "test_hardware.vcxproj", "{5149D73D-75BE-3166-B3F4-6916D6B68060}"
	ProjectSection(ProjectDependencies) = postProject
		{51EF36F8-81D5-3BAE-8ADC-5EE589518A7F} = {51EF36F8-81D5-3BAE-8ADC-5EE589518A7F}
		{57D9CE62-E706-3A2D-8D28-A2B473BA5BC9} = {57D9CE62-E706-3A2D-8D28-A2B473BA5BC9}
		{C26C304D-A838-3DBA-8FE5-89B1986FCA8E} = {C26C304D-A838-3DBA-8FE5-89B1986FCA8E}
	EndProjectSection
EndProject
Project("{8BC9CEB8-8B4A-11D0-8D11-00A0C91BC942}") = "test_index", "test_index.vcxproj", "{32A7E031-BEFE-3649-9768-916AFA54DEC4}"
	ProjectSection(ProjectDependencies) = postProject
		{51EF36F8-81D5-3BAE-8ADC-5EE589518A7F} = {51EF36F8-81D5-3BAE-8ADC-5EE589518A7F}
		{57D9CE62-E706-3A2D-8D28-A2B473BA5BC9} = {57D9CE62-E706-3A2D-8D28-A2B473BA5BC9}
		{C26C304D-A838-3DBA-8FE5-89B1986FCA8E} = {C26C304D-A838-3DBA-8FE5-89B1986FCA8E}
	EndProjectSection
EndProject
Project("{8BC9CEB8-8B4A-11D0-8D11-00A0C91BC942}") = "test_index_hash", "test_index_hash.vcxproj", "{C2E373EF-79B2-30D4-A184-4EAD6A5E0FFC}"
	ProjectSection(ProjectDependencies) = postProject
		{51EF36F8-81D5-3BAE-8ADC-5EE589518A7F} = {51EF36F8-81D5-3BAE-8ADC-5EE589518A7F}
		{57D9CE62-E706-3A2D-8D28-A2B473BA5BC9} = {57D9CE62-E706-3A2D-8D28-A2B473BA5BC9}
		{C26C304D-A838-3DBA-8FE5-89B1986FCA8E} = {C26C304D-A838-3DBA-8FE5-89B1986FCA8E}
	EndProjectSection
EndProject
Project("{8BC9CEB8-8B4A-11D0-8D11-00A0C91BC942}") = "test_lzip_decoder", "test_lzip_decoder.vcxproj", "{AB3BB642-8D3A-3479-9B37-62B0E37154BB}"
	ProjectSection(ProjectDependencies) = postProject
		{51EF36F8-81D5-3BAE-8ADC-5EE589518A7F} = {51EF36F8-81D5-3BAE-8ADC-5EE589518A7F}
		{57D9CE62-E706-3A2D-8D28-A2B473BA5BC9} = {57D9CE62-E706-3A2D-8D28-A2B473BA5BC9}
		{C26C304D-A838-3DBA-8FE5-89B1986FCA8E} = {C26C304D-A838-3DBA-8FE5-89B1986FCA8E}
	EndProjectSection
EndProject
Project("{8BC9CEB8-8B4A-11D0-8D11-00A0C91BC942}") = "test_memlimit", "test_memlimit.vcxproj", "{CB69DC9C-E151-3B36-A2EE-0CB88B6B6760}"
	ProjectSection(ProjectDependencies) = postProject
		{51EF36F8-81D5-3BAE-8ADC-5EE589518A7F} = {51EF36F8-81D5-3BAE-8ADC-5EE589518A7F}
		{57D9CE62-E706-3A2D-8D28-A2B473BA5BC9} = {57D9CE62-E706-3A2D-8D28-A2B473BA5BC9}
		{C26C304D-A838-3DBA-8FE5-89B1986FCA8E} = {C26C304D-A838-3DBA-8FE5-89B1986FCA8E}
	EndProjectSection
EndProject
Project("{8BC9CEB8-8B4A-11D0-8D11-00A0C91BC942}") = "test_microlzma", "test_microlzma.vcxproj", "{381B97F0-1EF7-39FB-A8C8-26920229F7EE}"
	ProjectSection(ProjectDependencies) = postProject
		{51EF36F8-81D5-3BAE-8ADC-5EE589518A7F} = {51EF36F8-81D5-3BAE-8ADC-5EE589518A7F}
		{57D9CE62-E706-3A2D-8D28-A2B473BA5BC9} = {57D9CE62-E706-3A2D-8D28-A2B473BA5BC9}
		{C26C304D-A838-3DBA-8FE5-89B1986FCA8E} = {C26C304D-A838-3DBA-8FE5-89B1986FCA8E}
	EndProjectSection
EndProject
Project("{8BC9CEB8-8B4A-11D0-8D11-00A0C91BC942}") = "test_stream_flags", "test_stream_flags.vcxproj", "{09CECA71-4AA3-3D0B-84DE-EEBEC6860421}"
	ProjectSection(ProjectDependencies) = postProject
		{51EF36F8-81D5-3BAE-8ADC-5EE589518A7F} = {51EF36F8-81D5-3BAE-8ADC-5EE589518A7F}
		{57D9CE62-E706-3A2D-8D28-A2B473BA5BC9} = {57D9CE62-E706-3A2D-8D28-A2B473BA5BC9}
		{C26C304D-A838-3DBA-8FE5-89B1986FCA8E} = {C26C304D-A838-3DBA-8FE5-89B1986FCA8E}
	EndProjectSection
EndProject
Project("{8BC9CEB8-8B4A-11D0-8D11-00A0C91BC942}") = "test_vli", "test_vli.vcxproj", "{CB074DC8-DF54-3E26-81FD-6E29BA5E0E60}"
	ProjectSection(ProjectDependencies) = postProject
		{51EF36F8-81D5-3BAE-8ADC-5EE589518A7F} = {51EF36F8-81D5-3BAE-8ADC-5EE589518A7F}
		{57D9CE62-E706-3A2D-8D28-A2B473BA5BC9} = {57D9CE62-E706-3A2D-8D28-A2B473BA5BC9}
		{C26C304D-A838-3DBA-8FE5-89B1986FCA8E} = {C26C304D-A838-3DBA-8FE5-89B1986FCA8E}
	EndProjectSection
EndProject
Project("{8BC9CEB8-8B4A-11D0-8D11-00A0C91BC942}") = "tests_w32res", "tests_w32res.vcxproj", "{C26C304D-A838-3DBA-8FE5-89B1986FCA8E}"
	ProjectSection(ProjectDependencies) = postProject
		{51EF36F8-81D5-3BAE-8ADC-5EE589518A7F} = {51EF36F8-81D5-3BAE-8ADC-5EE589518A7F}
	EndProjectSection
EndProject
Project("{8BC9CEB8-8B4A-11D0-8D11-00A0C91BC942}") = "xz", "xz.vcxproj", "{7858CEDA-2038-365F-BF06-3306FA807998}"
	ProjectSection(ProjectDependencies) = postProject
		{51EF36F8-81D5-3BAE-8ADC-5EE589518A7F} = {51EF36F8-81D5-3BAE-8ADC-5EE589518A7F}
		{1768CF9D-D9FF-3BC0-9A60-65FB6FA3810C} = {1768CF9D-D9FF-3BC0-9A60-65FB6FA3810C}
		{57D9CE62-E706-3A2D-8D28-A2B473BA5BC9} = {57D9CE62-E706-3A2D-8D28-A2B473BA5BC9}
	EndProjectSection
EndProject
Project("{8BC9CEB8-8B4A-11D0-8D11-00A0C91BC942}") = "xzdec", "xzdec.vcxproj", "{D5EB257C-A734-35F5-95C1-75319EB0774A}"
	ProjectSection(ProjectDependencies) = postProject
		{51EF36F8-81D5-3BAE-8ADC-5EE589518A7F} = {51EF36F8-81D5-3BAE-8ADC-5EE589518A7F}
		{1768CF9D-D9FF-3BC0-9A60-65FB6FA3810C} = {1768CF9D-D9FF-3BC0-9A60-65FB6FA3810C}
		{57D9CE62-E706-3A2D-8D28-A2B473BA5BC9} = {57D9CE62-E706-3A2D-8D28-A2B473BA5BC9}
	EndProjectSection
EndProject
Global
	GlobalSection(SolutionConfigurationPlatforms) = preSolution
		Debug|x64 = Debug|x64
		Release|x64 = Release|x64
		MinSizeRel|x64 = MinSizeRel|x64
		RelWithDebInfo|x64 = RelWithDebInfo|x64
	EndGlobalSection
	GlobalSection(ProjectConfigurationPlatforms) = postSolution
		{634D7470-E898-36C4-9B2D-0F361E5C9986}.Debug|x64.ActiveCfg = Debug|x64
		{634D7470-E898-36C4-9B2D-0F361E5C9986}.Debug|x64.Build.0 = Debug|x64
		{634D7470-E898-36C4-9B2D-0F361E5C9986}.Release|x64.ActiveCfg = Release|x64
		{634D7470-E898-36C4-9B2D-0F361E5C9986}.Release|x64.Build.0 = Release|x64
		{634D7470-E898-36C4-9B2D-0F361E5C9986}.MinSizeRel|x64.ActiveCfg = MinSizeRel|x64
		{634D7470-E898-36C4-9B2D-0F361E5C9986}.MinSizeRel|x64.Build.0 = MinSizeRel|x64
		{634D7470-E898-36C4-9B2D-0F361E5C9986}.RelWithDebInfo|x64.ActiveCfg = RelWithDebInfo|x64
		{634D7470-E898-36C4-9B2D-0F361E5C9986}.RelWithDebInfo|x64.Build.0 = RelWithDebInfo|x64
		{87273F0C-24D0-37E3-82E5-565CB43860DD}.Debug|x64.ActiveCfg = Debug|x64
		{87273F0C-24D0-37E3-82E5-565CB43860DD}.Release|x64.ActiveCfg = Release|x64
		{87273F0C-24D0-37E3-82E5-565CB43860DD}.MinSizeRel|x64.ActiveCfg = MinSizeRel|x64
		{87273F0C-24D0-37E3-82E5-565CB43860DD}.RelWithDebInfo|x64.ActiveCfg = RelWithDebInfo|x64
		{4F4DF52C-E6AA-304D-86F9-18C42F8938A8}.Debug|x64.ActiveCfg = Debug|x64
		{4F4DF52C-E6AA-304D-86F9-18C42F8938A8}.Release|x64.ActiveCfg = Release|x64
		{4F4DF52C-E6AA-304D-86F9-18C42F8938A8}.MinSizeRel|x64.ActiveCfg = MinSizeRel|x64
		{4F4DF52C-E6AA-304D-86F9-18C42F8938A8}.RelWithDebInfo|x64.ActiveCfg = RelWithDebInfo|x64
		{EA7AA4E9-AEDB-38CC-B234-75201C62E27F}.Debug|x64.ActiveCfg = Debug|x64
		{EA7AA4E9-AEDB-38CC-B234-75201C62E27F}.Release|x64.ActiveCfg = Release|x64
		{EA7AA4E9-AEDB-38CC-B234-75201C62E27F}.MinSizeRel|x64.ActiveCfg = MinSizeRel|x64
		{EA7AA4E9-AEDB-38CC-B234-75201C62E27F}.RelWithDebInfo|x64.ActiveCfg = RelWithDebInfo|x64
		{31962746-8B06-36F0-9B34-6A24F4934038}.Debug|x64.ActiveCfg = Debug|x64
		{31962746-8B06-36F0-9B34-6A24F4934038}.Release|x64.ActiveCfg = Release|x64
		{31962746-8B06-36F0-9B34-6A24F4934038}.MinSizeRel|x64.ActiveCfg = MinSizeRel|x64
		{31962746-8B06-36F0-9B34-6A24F4934038}.RelWithDebInfo|x64.ActiveCfg = RelWithDebInfo|x64
		{EBE8C798-2AF2-30CE-BDAD-BDBAF459E590}.Debug|x64.ActiveCfg = Debug|x64
		{EBE8C798-2AF2-30CE-BDAD-BDBAF459E590}.Release|x64.ActiveCfg = Release|x64
		{EBE8C798-2AF2-30CE-BDAD-BDBAF459E590}.MinSizeRel|x64.ActiveCfg = MinSizeRel|x64
		{EBE8C798-2AF2-30CE-BDAD-BDBAF459E590}.RelWithDebInfo|x64.ActiveCfg = RelWithDebInfo|x64
		{FB716AF1-0945-3A2D-880F-3430EF844B13}.Debug|x64.ActiveCfg = Debug|x64
		{FB716AF1-0945-3A2D-880F-3430EF844B13}.Release|x64.ActiveCfg = Release|x64
		{FB716AF1-0945-3A2D-880F-3430EF844B13}.MinSizeRel|x64.ActiveCfg = MinSizeRel|x64
		{FB716AF1-0945-3A2D-880F-3430EF844B13}.RelWithDebInfo|x64.ActiveCfg = RelWithDebInfo|x64
		{51EF36F8-81D5-3BAE-8ADC-5EE589518A7F}.Debug|x64.ActiveCfg = Debug|x64
		{51EF36F8-81D5-3BAE-8ADC-5EE589518A7F}.Debug|x64.Build.0 = Debug|x64
		{51EF36F8-81D5-3BAE-8ADC-5EE589518A7F}.Release|x64.ActiveCfg = Release|x64
		{51EF36F8-81D5-3BAE-8ADC-5EE589518A7F}.Release|x64.Build.0 = Release|x64
		{51EF36F8-81D5-3BAE-8ADC-5EE589518A7F}.MinSizeRel|x64.ActiveCfg = MinSizeRel|x64
		{51EF36F8-81D5-3BAE-8ADC-5EE589518A7F}.MinSizeRel|x64.Build.0 = MinSizeRel|x64
		{51EF36F8-81D5-3BAE-8ADC-5EE589518A7F}.RelWithDebInfo|x64.ActiveCfg = RelWithDebInfo|x64
		{51EF36F8-81D5-3BAE-8ADC-5EE589518A7F}.RelWithDebInfo|x64.Build.0 = RelWithDebInfo|x64
		{1768CF9D-D9FF-3BC0-9A60-65FB6FA3810C}.Debug|x64.ActiveCfg = Debug|x64
		{1768CF9D-D9FF-3BC0-9A60-65FB6FA3810C}.Debug|x64.Build.0 = Debug|x64
		{1768CF9D-D9FF-3BC0-9A60-65FB6FA3810C}.Release|x64.ActiveCfg = Release|x64
		{1768CF9D-D9FF-3BC0-9A60-65FB6FA3810C}.Release|x64.Build.0 = Release|x64
		{1768CF9D-D9FF-3BC0-9A60-65FB6FA3810C}.MinSizeRel|x64.ActiveCfg = MinSizeRel|x64
		{1768CF9D-D9FF-3BC0-9A60-65FB6FA3810C}.MinSizeRel|x64.Build.0 = MinSizeRel|x64
		{1768CF9D-D9FF-3BC0-9A60-65FB6FA3810C}.RelWithDebInfo|x64.ActiveCfg = RelWithDebInfo|x64
		{1768CF9D-D9FF-3BC0-9A60-65FB6FA3810C}.RelWithDebInfo|x64.Build.0 = RelWithDebInfo|x64
		{57D9CE62-E706-3A2D-8D28-A2B473BA5BC9}.Debug|x64.ActiveCfg = Debug|x64
		{57D9CE62-E706-3A2D-8D28-A2B473BA5BC9}.Debug|x64.Build.0 = Debug|x64
		{57D9CE62-E706-3A2D-8D28-A2B473BA5BC9}.Release|x64.ActiveCfg = Release|x64
		{57D9CE62-E706-3A2D-8D28-A2B473BA5BC9}.Release|x64.Build.0 = Release|x64
		{57D9CE62-E706-3A2D-8D28-A2B473BA5BC9}.MinSizeRel|x64.ActiveCfg = MinSizeRel|x64
		{57D9CE62-E706-3A2D-8D28-A2B473BA5BC9}.MinSizeRel|x64.Build.0 = MinSizeRel|x64
		{57D9CE62-E706-3A2D-8D28-A2B473BA5BC9}.RelWithDebInfo|x64.ActiveCfg = RelWithDebInfo|x64
		{57D9CE62-E706-3A2D-8D28-A2B473BA5BC9}.RelWithDebInfo|x64.Build.0 = RelWithDebInfo|x64
		{E7AB0197-9681-33E6-932E-951C4EBF1AB2}.Debug|x64.ActiveCfg = Debug|x64
		{E7AB0197-9681-33E6-932E-951C4EBF1AB2}.Debug|x64.Build.0 = Debug|x64
		{E7AB0197-9681-33E6-932E-951C4EBF1AB2}.Release|x64.ActiveCfg = Release|x64
		{E7AB0197-9681-33E6-932E-951C4EBF1AB2}.Release|x64.Build.0 = Release|x64
		{E7AB0197-9681-33E6-932E-951C4EBF1AB2}.MinSizeRel|x64.ActiveCfg = MinSizeRel|x64
		{E7AB0197-9681-33E6-932E-951C4EBF1AB2}.MinSizeRel|x64.Build.0 = MinSizeRel|x64
		{E7AB0197-9681-33E6-932E-951C4EBF1AB2}.RelWithDebInfo|x64.ActiveCfg = RelWithDebInfo|x64
		{E7AB0197-9681-33E6-932E-951C4EBF1AB2}.RelWithDebInfo|x64.Build.0 = RelWithDebInfo|x64
		{A37E52D1-24AD-3077-9B7E-5BA18FC5BD20}.Debug|x64.ActiveCfg = Debug|x64
		{A37E52D1-24AD-3077-9B7E-5BA18FC5BD20}.Debug|x64.Build.0 = Debug|x64
		{A37E52D1-24AD-3077-9B7E-5BA18FC5BD20}.Release|x64.ActiveCfg = Release|x64
		{A37E52D1-24AD-3077-9B7E-5BA18FC5BD20}.Release|x64.Build.0 = Release|x64
		{A37E52D1-24AD-3077-9B7E-5BA18FC5BD20}.MinSizeRel|x64.ActiveCfg = MinSizeRel|x64
		{A37E52D1-24AD-3077-9B7E-5BA18FC5BD20}.MinSizeRel|x64.Build.0 = MinSizeRel|x64
		{A37E52D1-24AD-3077-9B7E-5BA18FC5BD20}.RelWithDebInfo|x64.ActiveCfg = RelWithDebInfo|x64
		{A37E52D1-24AD-3077-9B7E-5BA18FC5BD20}.RelWithDebInfo|x64.Build.0 = RelWithDebInfo|x64
		{0683DEED-DAC4-3667-B653-51A96EEDDABA}.Debug|x64.ActiveCfg = Debug|x64
		{0683DEED-DAC4-3667-B653-51A96EEDDABA}.Debug|x64.Build.0 = Debug|x64
		{0683DEED-DAC4-3667-B653-51A96EEDDABA}.Release|x64.ActiveCfg = Release|x64
		{0683DEED-DAC4-3667-B653-51A96EEDDABA}.Release|x64.Build.0 = Release|x64
		{0683DEED-DAC4-3667-B653-51A96EEDDABA}.MinSizeRel|x64.ActiveCfg = MinSizeRel|x64
		{0683DEED-DAC4-3667-B653-51A96EEDDABA}.MinSizeRel|x64.Build.0 = MinSizeRel|x64
		{0683DEED-DAC4-3667-B653-51A96EEDDABA}.RelWithDebInfo|x64.ActiveCfg = RelWithDebInfo|x64
		{0683DEED-DAC4-3667-B653-51A96EEDDABA}.RelWithDebInfo|x64.Build.0 = RelWithDebInfo|x64
		{DA8A080B-69E9-3732-8358-3D19C3CBD6C7}.Debug|x64.ActiveCfg = Debug|x64
		{DA8A080B-69E9-3732-8358-3D19C3CBD6C7}.Debug|x64.Build.0 = Debug|x64
		{DA8A080B-69E9-3732-8358-3D19C3CBD6C7}.Release|x64.ActiveCfg = Release|x64
		{DA8A080B-69E9-3732-8358-3D19C3CBD6C7}.Release|x64.Build.0 = Release|x64
		{DA8A080B-69E9-3732-8358-3D19C3CBD6C7}.MinSizeRel|x64.ActiveCfg = MinSizeRel|x64
		{DA8A080B-69E9-3732-8358-3D19C3CBD6C7}.MinSizeRel|x64.Build.0 = MinSizeRel|x64
		{DA8A080B-69E9-3732-8358-3D19C3CBD6C7}.RelWithDebInfo|x64.ActiveCfg = RelWithDebInfo|x64
		{DA8A080B-69E9-3732-8358-3D19C3CBD6C7}.RelWithDebInfo|x64.Build.0 = RelWithDebInfo|x64
		{01D4EE29-D470-37F4-AAAE-0D5F43BECC89}.Debug|x64.ActiveCfg = Debug|x64
		{01D4EE29-D470-37F4-AAAE-0D5F43BECC89}.Debug|x64.Build.0 = Debug|x64
		{01D4EE29-D470-37F4-AAAE-0D5F43BECC89}.Release|x64.ActiveCfg = Release|x64
		{01D4EE29-D470-37F4-AAAE-0D5F43BECC89}.Release|x64.Build.0 = Release|x64
		{01D4EE29-D470-37F4-AAAE-0D5F43BECC89}.MinSizeRel|x64.ActiveCfg = MinSizeRel|x64
		{01D4EE29-D470-37F4-AAAE-0D5F43BECC89}.MinSizeRel|x64.Build.0 = MinSizeRel|x64
		{01D4EE29-D470-37F4-AAAE-0D5F43BECC89}.RelWithDebInfo|x64.ActiveCfg = RelWithDebInfo|x64
		{01D4EE29-D470-37F4-AAAE-0D5F43BECC89}.RelWithDebInfo|x64.Build.0 = RelWithDebInfo|x64
		{D4878284-1CBC-31B9-9CB7-4CA9FF4F51EF}.Debug|x64.ActiveCfg = Debug|x64
		{D4878284-1CBC-31B9-9CB7-4CA9FF4F51EF}.Debug|x64.Build.0 = Debug|x64
		{D4878284-1CBC-31B9-9CB7-4CA9FF4F51EF}.Release|x64.ActiveCfg = Release|x64
		{D4878284-1CBC-31B9-9CB7-4CA9FF4F51EF}.Release|x64.Build.0 = Release|x64
		{D4878284-1CBC-31B9-9CB7-4CA9FF4F51EF}.MinSizeRel|x64.ActiveCfg = MinSizeRel|x64
		{D4878284-1CBC-31B9-9CB7-4CA9FF4F51EF}.MinSizeRel|x64.Build.0 = MinSizeRel|x64
		{D4878284-1CBC-31B9-9CB7-4CA9FF4F51EF}.RelWithDebInfo|x64.ActiveCfg = RelWithDebInfo|x64
		{D4878284-1CBC-31B9-9CB7-4CA9FF4F51EF}.RelWithDebInfo|x64.Build.0 = RelWithDebInfo|x64
		{74B9C116-E05E-3A03-AD6B-7C64000B4A7F}.Debug|x64.ActiveCfg = Debug|x64
		{74B9C116-E05E-3A03-AD6B-7C64000B4A7F}.Debug|x64.Build.0 = Debug|x64
		{74B9C116-E05E-3A03-AD6B-7C64000B4A7F}.Release|x64.ActiveCfg = Release|x64
		{74B9C116-E05E-3A03-AD6B-7C64000B4A7F}.Release|x64.Build.0 = Release|x64
		{74B9C116-E05E-3A03-AD6B-7C64000B4A7F}.MinSizeRel|x64.ActiveCfg = MinSizeRel|x64
		{74B9C116-E05E-3A03-AD6B-7C64000B4A7F}.MinSizeRel|x64.Build.0 = MinSizeRel|x64
		{74B9C116-E05E-3A03-AD6B-7C64000B4A7F}.RelWithDebInfo|x64.ActiveCfg = RelWithDebInfo|x64
		{74B9C116-E05E-3A03-AD6B-7C64000B4A7F}.RelWithDebInfo|x64.Build.0 = RelWithDebInfo|x64
		{5149D73D-75BE-3166-B3F4-6916D6B68060}.Debug|x64.ActiveCfg = Debug|x64
		{5149D73D-75BE-3166-B3F4-6916D6B68060}.Debug|x64.Build.0 = Debug|x64
		{5149D73D-75BE-3166-B3F4-6916D6B68060}.Release|x64.ActiveCfg = Release|x64
		{5149D73D-75BE-3166-B3F4-6916D6B68060}.Release|x64.Build.0 = Release|x64
		{5149D73D-75BE-3166-B3F4-6916D6B68060}.MinSizeRel|x64.ActiveCfg = MinSizeRel|x64
		{5149D73D-75BE-3166-B3F4-6916D6B68060}.MinSizeRel|x64.Build.0 = MinSizeRel|x64
		{5149D73D-75BE-3166-B3F4-6916D6B68060}.RelWithDebInfo|x64.ActiveCfg = RelWithDebInfo|x64
		{5149D73D-75BE-3166-B3F4-6916D6B68060}.RelWithDebInfo|x64.Build.0 = RelWithDebInfo|x64
		{32A7E031-BEFE-3649-9768-916AFA54DEC4}.Debug|x64.ActiveCfg = Debug|x64
		{32A7E031-BEFE-3649-9768-916AFA54DEC4}.Debug|x64.Build.0 = Debug|x64
		{32A7E031-BEFE-3649-9768-916AFA54DEC4}.Release|x64.ActiveCfg = Release|x64
		{32A7E031-BEFE-3649-9768-916AFA54DEC4}.Release|x64.Build.0 = Release|x64
		{32A7E031-BEFE-3649-9768-916AFA54DEC4}.MinSizeRel|x64.ActiveCfg = MinSizeRel|x64
		{32A7E031-BEFE-3649-9768-916AFA54DEC4}.MinSizeRel|x64.Build.0 = MinSizeRel|x64
		{32A7E031-BEFE-3649-9768-916AFA54DEC4}.RelWithDebInfo|x64.ActiveCfg = RelWithDebInfo|x64
		{32A7E031-BEFE-3649-9768-916AFA54DEC4}.RelWithDebInfo|x64.Build.0 = RelWithDebInfo|x64
		{C2E373EF-79B2-30D4-A184-4EAD6A5E0FFC}.Debug|x64.ActiveCfg = Debug|x64
		{C2E373EF-79B2-30D4-A184-4EAD6A5E0FFC}.Debug|x64.Build.0 = Debug|x64
		{C2E373EF-79B2-30D4-A184-4EAD6A5E0FFC}.Release|x64.ActiveCfg = Release|x64
		{C2E373EF-79B2-30D4-A184-4EAD6A5E0FFC}.Release|x64.Build.0 = Release|x64
		{C2E373EF-79B2-30D4-A184-4EAD6A5E0FFC}.MinSizeRel|x64.ActiveCfg = MinSizeRel|x64
		{C2E373EF-79B2-30D4-A184-4EAD6A5E0FFC}.MinSizeRel|x64.Build.0 = MinSizeRel|x64
		{C2E373EF-79B2-30D4-A184-4EAD6A5E0FFC}.RelWithDebInfo|x64.ActiveCfg = RelWithDebInfo|x64
		{C2E373EF-79B2-30D4-A184-4EAD6A5E0FFC}.RelWithDebInfo|x64.Build.0 = RelWithDebInfo|x64
		{AB3BB642-8D3A-3479-9B37-62B0E37154BB}.Debug|x64.ActiveCfg = Debug|x64
		{AB3BB642-8D3A-3479-9B37-62B0E37154BB}.Debug|x64.Build.0 = Debug|x64
		{AB3BB642-8D3A-3479-9B37-62B0E37154BB}.Release|x64.ActiveCfg = Release|x64
		{AB3BB642-8D3A-3479-9B37-62B0E37154BB}.Release|x64.Build.0 = Release|x64
		{AB3BB642-8D3A-3479-9B37-62B0E37154BB}.MinSizeRel|x64.ActiveCfg = MinSizeRel|x64
		{AB3BB642-8D3A-3479-9B37-62B0E37154BB}.MinSizeRel|x64.Build.0 = MinSizeRel|x64
		{AB3BB642-8D3A-3479-9B37-62B0E37154BB}.RelWithDebInfo|x64.ActiveCfg = RelWithDebInfo|x64
		{AB3BB642-8D3A-3479-9B37-62B0E37154BB}.RelWithDebInfo|x64.Build.0 = RelWithDebInfo|x64
		{CB69DC9C-E151-3B36-A2EE-0CB88B6B6760}.Debug|x64.ActiveCfg = Debug|x64
		{CB69DC9C-E151-3B36-A2EE-0CB88B6B6760}.Debug|x64.Build.0 = Debug|x64
		{CB69DC9C-E151-3B36-A2EE-0CB88B6B6760}.Release|x64.ActiveCfg = Release|x64
		{CB69DC9C-E151-3B36-A2EE-0CB88B6B6760}.Release|x64.Build.0 = Release|x64
		{CB69DC9C-E151-3B36-A2EE-0CB88B6B6760}.MinSizeRel|x64.ActiveCfg = MinSizeRel|x64
		{CB69DC9C-E151-3B36-A2EE-0CB88B6B6760}.MinSizeRel|x64.Build.0 = MinSizeRel|x64
		{CB69DC9C-E151-3B36-A2EE-0CB88B6B6760}.RelWithDebInfo|x64.ActiveCfg = RelWithDebInfo|x64
		{CB69DC9C-E151-3B36-A2EE-0CB88B6B6760}.RelWithDebInfo|x64.Build.0 = RelWithDebInfo|x64
		{381B97F0-1EF7-39FB-A8C8-26920229F7EE}.Debug|x64.ActiveCfg = Debug|x64
		{381B97F0-1EF7-39FB-A8C8-26920229F7EE}.Debug|x64.Build.0 = Debug|x64
		{381B97F0-1EF7-39FB-A8C8-26920229F7EE}.Release|x64.ActiveCfg = Release|x64
		{381B97F0-1EF7-39FB-A8C8-26920229F7EE}.Release|x64.Build.0 = Release|x64
		{381B97F0-1EF7-39FB-A8C8-26920229F7EE}.MinSizeRel|x64.ActiveCfg = MinSizeRel|x64
		{381B97F0-1EF7-39FB-A8C8-26920229F7EE}.MinSizeRel|x64.Build.0 = MinSizeRel|x64
		{381B97F0-1EF7-39FB-A8C8-26920229F7EE}.RelWithDebInfo|x64.ActiveCfg = RelWithDebInfo|x64
		{381B97F0-1EF7-39FB-A8C8-26920229F7EE}.RelWithDebInfo|x64.Build.0 = RelWithDebInfo|x64
		{09CECA71-4AA3-3D0B-84DE-EEBEC6860421}.Debug|x64.ActiveCfg = Debug|x64
		{09CECA71-4AA3-3D0B-84DE-EEBEC6860421}.Debug|x64.Build.0 = Debug|x64
		{09CECA71-4AA3-3D0B-84DE-EEBEC6860421}.Release|x64.ActiveCfg = Release|x64
		{09CECA71-4AA3-3D0B-84DE-EEBEC6860421}.Release|x64.Build.0 = Release|x64
		{09CECA71-4AA3-3D0B-84DE-EEBEC6860421}.MinSizeRel|x64.ActiveCfg = MinSizeRel|x64
		{09CECA71-4AA3-3D0B-84DE-EEBEC6860421}.MinSizeRel|x64.Build.0 = MinSizeRel|x64
		{09CECA71-4AA3-3D0B-84DE-EEBEC6860421}.RelWithDebInfo|x64.ActiveCfg = RelWithDebInfo|x64
		{09CECA71-4AA3-3D0B-84DE-EEBEC6860421}.RelWithDebInfo|x64.Build.0 = RelWithDebInfo|x64
		{CB074DC8-DF54-3E26-81FD-6E29BA5E0E60}.Debug|x64.ActiveCfg = Debug|x64
		{CB074DC8-DF54-3E26-81FD-6E29BA5E0E60}.Debug|x64.Build.0 = Debug|x64
		{CB074DC8-DF54-3E26-81FD-6E29BA5E0E60}.Release|x64.ActiveCfg = Release|x64
		{CB074DC8-DF54-3E26-81FD-6E29BA5E0E60}.Release|x64.Build.0 = Release|x64
		{CB074DC8-DF54-3E26-81FD-6E29BA5E0E60}.MinSizeRel|x64.ActiveCfg = MinSizeRel|x64
		{CB074DC8-DF54-3E26-81FD-6E29BA5E0E60}.MinSizeRel|x64.Build.0 = MinSizeRel|x64
		{CB074DC8-DF54-3E26-81FD-6E29BA5E0E60}.RelWithDebInfo|x64.ActiveCfg = RelWithDebInfo|x64
		{CB074DC8-DF54-3E26-81FD-6E29BA5E0E60}.RelWithDebInfo|x64.Build.0 = RelWithDebInfo|x64
		{C26C304D-A838-3DBA-8FE5-89B1986FCA8E}.Debug|x64.ActiveCfg = Debug|x64
		{C26C304D-A838-3DBA-8FE5-89B1986FCA8E}.Debug|x64.Build.0 = Debug|x64
		{C26C304D-A838-3DBA-8FE5-89B1986FCA8E}.Release|x64.ActiveCfg = Release|x64
		{C26C304D-A838-3DBA-8FE5-89B1986FCA8E}.Release|x64.Build.0 = Release|x64
		{C26C304D-A838-3DBA-8FE5-89B1986FCA8E}.MinSizeRel|x64.ActiveCfg = MinSizeRel|x64
		{C26C304D-A838-3DBA-8FE5-89B1986FCA8E}.MinSizeRel|x64.Build.0 = MinSizeRel|x64
		{C26C304D-A838-3DBA-8FE5-89B1986FCA8E}.RelWithDebInfo|x64.ActiveCfg = RelWithDebInfo|x64
		{C26C304D-A838-3DBA-8FE5-89B1986FCA8E}.RelWithDebInfo|x64.Build.0 = RelWithDebInfo|x64
		{7858CEDA-2038-365F-BF06-3306FA807998}.Debug|x64.ActiveCfg = Debug|x64
		{7858CEDA-2038-365F-BF06-3306FA807998}.Debug|x64.Build.0 = Debug|x64
		{7858CEDA-2038-365F-BF06-3306FA807998}.Release|x64.ActiveCfg = Release|x64
		{7858CEDA-2038-365F-BF06-3306FA807998}.Release|x64.Build.0 = Release|x64
		{7858CEDA-2038-365F-BF06-3306FA807998}.MinSizeRel|x64.ActiveCfg = MinSizeRel|x64
		{7858CEDA-2038-365F-BF06-3306FA807998}.MinSizeRel|x64.Build.0 = MinSizeRel|x64
		{7858CEDA-2038-365F-BF06-3306FA807998}.RelWithDebInfo|x64.ActiveCfg = RelWithDebInfo|x64
		{7858CEDA-2038-365F-BF06-3306FA807998}.RelWithDebInfo|x64.Build.0 = RelWithDebInfo|x64
		{D5EB257C-A734-35F5-95C1-75319EB0774A}.Debug|x64.ActiveCfg = Debug|x64
		{D5EB257C-A734-35F5-95C1-75319EB0774A}.Debug|x64.Build.0 = Debug|x64
		{D5EB257C-A734-35F5-95C1-75319EB0774A}.Release|x64.ActiveCfg = Release|x64
		{D5EB257C-A734-35F5-95C1-75319EB0774A}.Release|x64.Build.0 = Release|x64
		{D5EB257C-A734-35F5-95C1-75319EB0774A}.MinSizeRel|x64.ActiveCfg = MinSizeRel|x64
		{D5EB257C-A734-35F5-95C1-75319EB0774A}.MinSizeRel|x64.Build.0 = MinSizeRel|x64
		{D5EB257C-A734-35F5-95C1-75319EB0774A}.RelWithDebInfo|x64.ActiveCfg = RelWithDebInfo|x64
		{D5EB257C-A734-35F5-95C1-75319EB0774A}.RelWithDebInfo|x64.Build.0 = RelWithDebInfo|x64
	EndGlobalSection
	GlobalSection(NestedProjects) = preSolution
		{634D7470-E898-36C4-9B2D-0F361E5C9986} = {354B8323-E7C5-3B39-BC55-1B82152EAC2F}
		{EA7AA4E9-AEDB-38CC-B234-75201C62E27F} = {354B8323-E7C5-3B39-BC55-1B82152EAC2F}
		{FB716AF1-0945-3A2D-880F-3430EF844B13} = {354B8323-E7C5-3B39-BC55-1B82152EAC2F}
		{51EF36F8-81D5-3BAE-8ADC-5EE589518A7F} = {354B8323-E7C5-3B39-BC55-1B82152EAC2F}
		{87273F0C-24D0-37E3-82E5-565CB43860DD} = {FA717E63-1233-3A1B-889F-19E2E591FA1E}
		{4F4DF52C-E6AA-304D-86F9-18C42F8938A8} = {FA717E63-1233-3A1B-889F-19E2E591FA1E}
		{31962746-8B06-36F0-9B34-6A24F4934038} = {FA717E63-1233-3A1B-889F-19E2E591FA1E}
		{EBE8C798-2AF2-30CE-BDAD-BDBAF459E590} = {FA717E63-1233-3A1B-889F-19E2E591FA1E}
	EndGlobalSection
	GlobalSection(ExtensibilityGlobals) = postSolution
		SolutionGuid = {0A0FB2D2-D93F-3118-8856-0535D613C20F}
	EndGlobalSection
	GlobalSection(ExtensibilityAddIns) = postSolution
	EndGlobalSection
EndGlobal
