<?xml version="1.0" encoding="utf-8"?>
<Project ToolsVersion="17.0" xmlns="http://schemas.microsoft.com/developer/msbuild/2003">
  <ItemGroup>
    <ClCompile Include="D:\git\xz\src\common\tuklib_mbstr_nonprint.c">
      <Filter>Source Files</Filter>
    </ClCompile>
    <ClCompile Include="D:\git\xz\src\common\tuklib_exit.c">
      <Filter>Source Files</Filter>
    </ClCompile>
    <ClCompile Include="D:\git\xz\src\common\tuklib_mbstr_fw.c">
      <Filter>Source Files</Filter>
    </ClCompile>
    <ClCompile Include="D:\git\xz\src\common\tuklib_mbstr_width.c">
      <Filter>Source Files</Filter>
    </ClCompile>
    <ClCompile Include="D:\git\xz\src\common\tuklib_mbstr_wrap.c">
      <Filter>Source Files</Filter>
    </ClCompile>
    <ClCompile Include="D:\git\xz\src\common\tuklib_open_stdxxx.c">
      <Filter>Source Files</Filter>
    </ClCompile>
    <ClCompile Include="D:\git\xz\src\common\tuklib_progname.c">
      <Filter>Source Files</Filter>
    </ClCompile>
    <ClCompile Include="D:\git\xz\src\xz\args.c">
      <Filter>Source Files</Filter>
    </ClCompile>
    <ClCompile Include="D:\git\xz\src\xz\coder.c">
      <Filter>Source Files</Filter>
    </ClCompile>
    <ClCompile Include="D:\git\xz\src\xz\file_io.c">
      <Filter>Source Files</Filter>
    </ClCompile>
    <ClCompile Include="D:\git\xz\src\xz\hardware.c">
      <Filter>Source Files</Filter>
    </ClCompile>
    <ClCompile Include="D:\git\xz\src\xz\main.c">
      <Filter>Source Files</Filter>
    </ClCompile>
    <ClCompile Include="D:\git\xz\src\xz\message.c">
      <Filter>Source Files</Filter>
    </ClCompile>
    <ClCompile Include="D:\git\xz\src\xz\mytime.c">
      <Filter>Source Files</Filter>
    </ClCompile>
    <ClCompile Include="D:\git\xz\src\xz\options.c">
      <Filter>Source Files</Filter>
    </ClCompile>
    <ClCompile Include="D:\git\xz\src\xz\sandbox.c">
      <Filter>Source Files</Filter>
    </ClCompile>
    <ClCompile Include="D:\git\xz\src\xz\signals.c">
      <Filter>Source Files</Filter>
    </ClCompile>
    <ClCompile Include="D:\git\xz\src\xz\suffix.c">
      <Filter>Source Files</Filter>
    </ClCompile>
    <ClCompile Include="D:\git\xz\src\xz\util.c">
      <Filter>Source Files</Filter>
    </ClCompile>
    <ClCompile Include="D:\git\xz\src\xz\list.c">
      <Filter>Source Files</Filter>
    </ClCompile>
  </ItemGroup>
  <ItemGroup>
    <ClInclude Include="D:\git\xz\src\common\my_landlock.h">
      <Filter>Header Files</Filter>
    </ClInclude>
    <ClInclude Include="D:\git\xz\src\common\mythread.h">
      <Filter>Header Files</Filter>
    </ClInclude>
    <ClInclude Include="D:\git\xz\src\common\sysdefs.h">
      <Filter>Header Files</Filter>
    </ClInclude>
    <ClInclude Include="D:\git\xz\src\common\tuklib_common.h">
      <Filter>Header Files</Filter>
    </ClInclude>
    <ClInclude Include="D:\git\xz\src\common\tuklib_config.h">
      <Filter>Header Files</Filter>
    </ClInclude>
    <ClInclude Include="D:\git\xz\src\common\tuklib_mbstr_nonprint.h">
      <Filter>Header Files</Filter>
    </ClInclude>
    <ClInclude Include="D:\git\xz\src\common\tuklib_exit.h">
      <Filter>Header Files</Filter>
    </ClInclude>
    <ClInclude Include="D:\git\xz\src\common\tuklib_gettext.h">
      <Filter>Header Files</Filter>
    </ClInclude>
    <ClInclude Include="D:\git\xz\src\common\tuklib_integer.h">
      <Filter>Header Files</Filter>
    </ClInclude>
    <ClInclude Include="D:\git\xz\src\common\tuklib_mbstr.h">
      <Filter>Header Files</Filter>
    </ClInclude>
    <ClInclude Include="D:\git\xz\src\common\tuklib_mbstr_wrap.h">
      <Filter>Header Files</Filter>
    </ClInclude>
    <ClInclude Include="D:\git\xz\src\common\tuklib_open_stdxxx.h">
      <Filter>Header Files</Filter>
    </ClInclude>
    <ClInclude Include="D:\git\xz\src\common\tuklib_progname.h">
      <Filter>Header Files</Filter>
    </ClInclude>
    <ClInclude Include="D:\git\xz\src\xz\args.h">
      <Filter>Header Files</Filter>
    </ClInclude>
    <ClInclude Include="D:\git\xz\src\xz\coder.h">
      <Filter>Header Files</Filter>
    </ClInclude>
    <ClInclude Include="D:\git\xz\src\xz\file_io.h">
      <Filter>Header Files</Filter>
    </ClInclude>
    <ClInclude Include="D:\git\xz\src\xz\hardware.h">
      <Filter>Header Files</Filter>
    </ClInclude>
    <ClInclude Include="D:\git\xz\src\xz\main.h">
      <Filter>Header Files</Filter>
    </ClInclude>
    <ClInclude Include="D:\git\xz\src\xz\message.h">
      <Filter>Header Files</Filter>
    </ClInclude>
    <ClInclude Include="D:\git\xz\src\xz\mytime.h">
      <Filter>Header Files</Filter>
    </ClInclude>
    <ClInclude Include="D:\git\xz\src\xz\options.h">
      <Filter>Header Files</Filter>
    </ClInclude>
    <ClInclude Include="D:\git\xz\src\xz\private.h">
      <Filter>Header Files</Filter>
    </ClInclude>
    <ClInclude Include="D:\git\xz\src\xz\sandbox.h">
      <Filter>Header Files</Filter>
    </ClInclude>
    <ClInclude Include="D:\git\xz\src\xz\signals.h">
      <Filter>Header Files</Filter>
    </ClInclude>
    <ClInclude Include="D:\git\xz\src\xz\suffix.h">
      <Filter>Header Files</Filter>
    </ClInclude>
    <ClInclude Include="D:\git\xz\src\xz\util.h">
      <Filter>Header Files</Filter>
    </ClInclude>
    <ClInclude Include="D:\git\xz\src\xz\list.h">
      <Filter>Header Files</Filter>
    </ClInclude>
  </ItemGroup>
  <ItemGroup>
    <CustomBuild Include="D:\git\xz\CMakeLists.txt" />
  </ItemGroup>
  <ItemGroup>
    <Object Include="D:\git\xz\libgnu.dir\$(Configuration)\getopt1.obj">
      <Filter>Object Libraries</Filter>
    </Object>
    <Object Include="D:\git\xz\libgnu.dir\$(Configuration)\getopt.obj">
      <Filter>Object Libraries</Filter>
    </Object>
  </ItemGroup>
  <ItemGroup>
    <ResourceCompile Include="D:\git\xz\src\xz\xz_w32res.rc">
      <Filter>Source Files</Filter>
    </ResourceCompile>
  </ItemGroup>
  <ItemGroup>
    <Filter Include="Header Files">
      <UniqueIdentifier>{41E2C068-1CCE-30CA-978A-9E9C675748B4}</UniqueIdentifier>
    </Filter>
    <Filter Include="Object Libraries">
      <UniqueIdentifier>{145C82EA-EB10-3617-B3CB-044ADEF31EC8}</UniqueIdentifier>
    </Filter>
    <Filter Include="Source Files">
      <UniqueIdentifier>{1070B390-064D-3645-A51B-D609BF2D6F41}</UniqueIdentifier>
    </Filter>
  </ItemGroup>
</Project>
