<?xml version="1.0" encoding="utf-8"?>
<Project ToolsVersion="17.0" xmlns="http://schemas.microsoft.com/developer/msbuild/2003">
  <ItemGroup>
    <ClCompile Include="D:\git\xz\src\common\tuklib_mbstr_nonprint.c">
      <Filter>Source Files</Filter>
    </ClCompile>
    <ClCompile Include="D:\git\xz\src\common\tuklib_exit.c">
      <Filter>Source Files</Filter>
    </ClCompile>
    <ClCompile Include="D:\git\xz\src\common\tuklib_progname.c">
      <Filter>Source Files</Filter>
    </ClCompile>
    <ClCompile Include="D:\git\xz\src\xzdec\xzdec.c">
      <Filter>Source Files</Filter>
    </ClCompile>
  </ItemGroup>
  <ItemGroup>
    <ClInclude Include="D:\git\xz\src\common\my_landlock.h">
      <Filter>Header Files</Filter>
    </ClInclude>
    <ClInclude Include="D:\git\xz\src\common\sysdefs.h">
      <Filter>Header Files</Filter>
    </ClInclude>
    <ClInclude Include="D:\git\xz\src\common\tuklib_common.h">
      <Filter>Header Files</Filter>
    </ClInclude>
    <ClInclude Include="D:\git\xz\src\common\tuklib_config.h">
      <Filter>Header Files</Filter>
    </ClInclude>
    <ClInclude Include="D:\git\xz\src\common\tuklib_mbstr_nonprint.h">
      <Filter>Header Files</Filter>
    </ClInclude>
    <ClInclude Include="D:\git\xz\src\common\tuklib_exit.h">
      <Filter>Header Files</Filter>
    </ClInclude>
    <ClInclude Include="D:\git\xz\src\common\tuklib_gettext.h">
      <Filter>Header Files</Filter>
    </ClInclude>
    <ClInclude Include="D:\git\xz\src\common\tuklib_progname.h">
      <Filter>Header Files</Filter>
    </ClInclude>
  </ItemGroup>
  <ItemGroup>
    <CustomBuild Include="D:\git\xz\CMakeLists.txt" />
  </ItemGroup>
  <ItemGroup>
    <Object Include="D:\git\xz\libgnu.dir\$(Configuration)\getopt1.obj">
      <Filter>Object Libraries</Filter>
    </Object>
    <Object Include="D:\git\xz\libgnu.dir\$(Configuration)\getopt.obj">
      <Filter>Object Libraries</Filter>
    </Object>
  </ItemGroup>
  <ItemGroup>
    <ResourceCompile Include="D:\git\xz\src\xzdec\xzdec_w32res.rc">
      <Filter>Source Files</Filter>
    </ResourceCompile>
  </ItemGroup>
  <ItemGroup>
    <Filter Include="Header Files">
      <UniqueIdentifier>{41E2C068-1CCE-30CA-978A-9E9C675748B4}</UniqueIdentifier>
    </Filter>
    <Filter Include="Object Libraries">
      <UniqueIdentifier>{145C82EA-EB10-3617-B3CB-044ADEF31EC8}</UniqueIdentifier>
    </Filter>
    <Filter Include="Source Files">
      <UniqueIdentifier>{1070B390-064D-3645-A51B-D609BF2D6F41}</UniqueIdentifier>
    </Filter>
  </ItemGroup>
</Project>
